
Microsoft Visual Studio Solution File, Format Version 12.00
# Visual Studio 15
VisualStudioVersion = 15.0.26403.7
MinimumVisualStudioVersion = 10.0.40219.1
Project("{FAE04EC0-301F-11D3-BF4B-00C04F79EFBC}") = "SumOfNumbersLeoK", "SumOfNumbersLeoK\SumOfNumbersLeoK.csproj", "{89D155B6-E1C4-4E7E-9C39-5099492699AB}"
EndProject
Global
	GlobalSection(SolutionConfigurationPlatforms) = preSolution
		Debug|Any CPU = Debug|Any CPU
		Release|Any CPU = Release|Any CPU
	EndGlobalSection
	GlobalSection(ProjectConfigurationPlatforms) = postSolution
		{89D155B6-E1C4-4E7E-9C39-5099492699AB}.Debug|Any CPU.ActiveCfg = Debug|Any CPU
		{89D155B6-E1C4-4E7E-9C39-5099492699AB}.Debug|Any CPU.Build.0 = Debug|Any CPU
		{89D155B6-E1C4-4E7E-9C39-5099492699AB}.Release|Any CPU.ActiveCfg = Release|Any CPU
		{89D155B6-E1C4-4E7E-9C39-5099492699AB}.Release|Any CPU.Build.0 = Release|Any CPU
	EndGlobalSection
	GlobalSection(SolutionProperties) = preSolution
		HideSolutionNode = FALSE
	EndGlobalSection
EndGlobal
